<?xml version="1.0" encoding="utf-8"?>
<Project ToolsVersion="4.0" xmlns="http://schemas.microsoft.com/developer/msbuild/2003">
  <ItemGroup>
    <ClCompile Include="$(MSBuildThisFileDirectory)pch.cpp" />
    <ClCompile Include="$(MSBuildThisFileDirectory)DefaultIncrement.cpp">
      <Filter>Misc</Filter>
    </ClCompile>
    <ClCompile Include="$(MSBuildThisFileDirectory)JsonTableParseHelper.cpp">
      <Filter>Json</Filter>
    </ClCompile>
    <ClCompile Include="$(MSBuildThisFileDirectory)Action.cpp">
      <Filter>Actions</Filter>
    </ClCompile>
    <ClCompile Include="$(MSBuildThisFileDirectory)ActionList.cpp">
      <Filter>Actions</Filter>
    </ClCompile>
    <ClCompile Include="$(MSBuildThisFileDirectory)ActionListIf.cpp">
      <Filter>Actions</Filter>
    </ClCompile>
    <ClCompile Include="$(MSBuildThisFileDirectory)ActionIncrement.cpp">
      <Filter>Actions</Filter>
    </ClCompile>
    <ClCompile Include="$(MSBuildThisFileDirectory)ActionDestroyAction.cpp">
      <Filter>Actions</Filter>
    </ClCompile>
    <ClCompile Include="$(MSBuildThisFileDirectory)ActionCreateAction.cpp">
      <Filter>Actions</Filter>
    </ClCompile>
    <ClCompile Include="$(MSBuildThisFileDirectory)PhysicsEntity.cpp" />
    <ClCompile Include="$(MSBuildThisFileDirectory)ShaderProgram.cpp">
      <Filter>Rendering\Shader</Filter>
    </ClCompile>
    <ClCompile Include="$(MSBuildThisFileDirectory)Variable.cpp">
      <Filter>Rendering\Shader</Filter>
    </ClCompile>
    <ClCompile Include="$(MSBuildThisFileDirectory)ShaderUtil.cpp">
      <Filter>Rendering\Shader</Filter>
    </ClCompile>
    <ClCompile Include="$(MSBuildThisFileDirectory)VertexDeclarations.cpp">
      <Filter>Rendering\Shader</Filter>
    </ClCompile>
    <ClCompile Include="$(MSBuildThisFileDirectory)Camera.cpp">
      <Filter>Rendering\Camera</Filter>
    </ClCompile>
    <ClCompile Include="$(MSBuildThisFileDirectory)VectorHelper.cpp">
      <Filter>Math</Filter>
    </ClCompile>
    <ClCompile Include="$(MSBuildThisFileDirectory)OrthographicCamera.cpp">
      <Filter>Rendering\Camera</Filter>
    </ClCompile>
    <ClCompile Include="$(MSBuildThisFileDirectory)Entity.cpp">
      <Filter>Game</Filter>
    </ClCompile>
    <ClCompile Include="$(MSBuildThisFileDirectory)Attributed.cpp">
      <Filter>Other</Filter>
    </ClCompile>
    <ClCompile Include="$(MSBuildThisFileDirectory)Datum.cpp">
      <Filter>Other</Filter>
    </ClCompile>
    <ClCompile Include="$(MSBuildThisFileDirectory)IJsonParseHelper.cpp">
      <Filter>Json</Filter>
    </ClCompile>
    <ClCompile Include="$(MSBuildThisFileDirectory)JsonParseCoordinator.cpp">
      <Filter>Json</Filter>
    </ClCompile>
    <ClCompile Include="$(MSBuildThisFileDirectory)Scope.cpp">
      <Filter>Other</Filter>
    </ClCompile>
    <ClCompile Include="$(MSBuildThisFileDirectory)TypeManager.cpp">
      <Filter>Other</Filter>
    </ClCompile>
    <ClCompile Include="$(MSBuildThisFileDirectory)WorldState.cpp">
      <Filter>Game</Filter>
    </ClCompile>
    <ClCompile Include="$(MSBuildThisFileDirectory)GameComponent.cpp">
      <Filter>Game</Filter>
    </ClCompile>
    <ClCompile Include="$(MSBuildThisFileDirectory)Game.cpp">
      <Filter>Game</Filter>
    </ClCompile>
    <ClCompile Include="$(MSBuildThisFileDirectory)GameClock.cpp">
      <Filter>Game</Filter>
    </ClCompile>
    <ClCompile Include="$(MSBuildThisFileDirectory)GameTime.cpp">
      <Filter>Game</Filter>
    </ClCompile>
    <ClCompile Include="$(MSBuildThisFileDirectory)RenderUtil.cpp">
      <Filter>Rendering</Filter>
    </ClCompile>
    <ClCompile Include="$(MSBuildThisFileDirectory)Animation.cpp" />
    <ClCompile Include="$(MSBuildThisFileDirectory)Event.cpp" />
    <ClCompile Include="$(MSBuildThisFileDirectory)EventQueue.cpp" />
    <ClCompile Include="$(MSBuildThisFileDirectory)Input.cpp" />
    <ClCompile Include="$(MSBuildThisFileDirectory)WorldContactListener.cpp" />
    <ClCompile Include="$(MSBuildThisFileDirectory)ActionEvent.cpp" />
    <ClCompile Include="$(MSBuildThisFileDirectory)EventMessageAttributed.cpp" />
    <ClCompile Include="$(MSBuildThisFileDirectory)Reaction.cpp" />
    <ClCompile Include="$(MSBuildThisFileDirectory)ReactionAttributed.cpp" />
    <ClCompile Include="$(MSBuildThisFileDirectory)CollisionDefines.cpp" />
  </ItemGroup>
  <ItemGroup>
    <ClInclude Include="$(MSBuildThisFileDirectory)pch.h" />
    <ClInclude Include="$(MSBuildThisFileDirectory)DefaultEquality.h">
      <Filter>Misc</Filter>
    </ClInclude>
    <ClInclude Include="$(MSBuildThisFileDirectory)SList.h">
      <Filter>Containers</Filter>
    </ClInclude>
    <ClInclude Include="$(MSBuildThisFileDirectory)Vector.h">
      <Filter>Containers</Filter>
    </ClInclude>
    <ClInclude Include="$(MSBuildThisFileDirectory)DefaultIncrement.h">
      <Filter>Misc</Filter>
    </ClInclude>
    <ClInclude Include="$(MSBuildThisFileDirectory)HashMap.h">
      <Filter>Containers</Filter>
    </ClInclude>
    <ClInclude Include="$(MSBuildThisFileDirectory)DefaultHash.h">
      <Filter>Misc</Filter>
    </ClInclude>
    <ClInclude Include="$(MSBuildThisFileDirectory)Stack.h">
      <Filter>Containers</Filter>
    </ClInclude>
    <ClInclude Include="$(MSBuildThisFileDirectory)JsonTableParseHelper.h">
      <Filter>Json</Filter>
    </ClInclude>
    <ClInclude Include="$(MSBuildThisFileDirectory)Action.h">
      <Filter>Actions</Filter>
    </ClInclude>
    <ClInclude Include="$(MSBuildThisFileDirectory)ActionList.h">
      <Filter>Actions</Filter>
    </ClInclude>
    <ClInclude Include="$(MSBuildThisFileDirectory)ActionListIf.h">
      <Filter>Actions</Filter>
    </ClInclude>
    <ClInclude Include="$(MSBuildThisFileDirectory)ActionIncrement.h">
      <Filter>Actions</Filter>
    </ClInclude>
    <ClInclude Include="$(MSBuildThisFileDirectory)ActionDestroyAction.h">
      <Filter>Actions</Filter>
    </ClInclude>
    <ClInclude Include="$(MSBuildThisFileDirectory)ActionCreateAction.h">
      <Filter>Actions</Filter>
    </ClInclude>
    <ClInclude Include="$(MSBuildThisFileDirectory)PhysicsEntity.h" />
    <ClInclude Include="$(MSBuildThisFileDirectory)ShaderProgram.h">
      <Filter>Rendering\Shader</Filter>
    </ClInclude>
    <ClInclude Include="$(MSBuildThisFileDirectory)Variable.h">
      <Filter>Rendering\Shader</Filter>
    </ClInclude>
    <ClInclude Include="$(MSBuildThisFileDirectory)ShaderUtil.h">
      <Filter>Rendering\Shader</Filter>
    </ClInclude>
    <ClInclude Include="$(MSBuildThisFileDirectory)VertexDeclarations.h">
      <Filter>Rendering\Shader</Filter>
    </ClInclude>
    <ClInclude Include="$(MSBuildThisFileDirectory)Camera.h">
      <Filter>Rendering\Camera</Filter>
    </ClInclude>
    <ClInclude Include="$(MSBuildThisFileDirectory)VectorHelper.h">
      <Filter>Math</Filter>
    </ClInclude>
    <ClInclude Include="$(MSBuildThisFileDirectory)OrthographicCamera.h">
      <Filter>Rendering\Camera</Filter>
    </ClInclude>
    <ClInclude Include="$(MSBuildThisFileDirectory)stb_image.h">
      <Filter>Rendering</Filter>
    </ClInclude>
    <ClInclude Include="$(MSBuildThisFileDirectory)Entity.h">
      <Filter>Game</Filter>
    </ClInclude>
    <ClInclude Include="$(MSBuildThisFileDirectory)Attributed.h">
      <Filter>Other</Filter>
    </ClInclude>
    <ClInclude Include="$(MSBuildThisFileDirectory)Datum.h">
      <Filter>Other</Filter>
    </ClInclude>
    <ClInclude Include="$(MSBuildThisFileDirectory)Factory.h">
      <Filter>Other</Filter>
    </ClInclude>
    <ClInclude Include="$(MSBuildThisFileDirectory)IJsonParseHelper.h">
      <Filter>Json</Filter>
    </ClInclude>
    <ClInclude Include="$(MSBuildThisFileDirectory)JsonParseCoordinator.h">
      <Filter>Json</Filter>
    </ClInclude>
    <ClInclude Include="$(MSBuildThisFileDirectory)Scope.h">
      <Filter>Other</Filter>
    </ClInclude>
    <ClInclude Include="$(MSBuildThisFileDirectory)TypeManager.h">
      <Filter>Other</Filter>
    </ClInclude>
    <ClInclude Include="$(MSBuildThisFileDirectory)WorldState.h">
      <Filter>Game</Filter>
    </ClInclude>
    <ClInclude Include="$(MSBuildThisFileDirectory)GameComponent.h">
      <Filter>Game</Filter>
    </ClInclude>
    <ClInclude Include="$(MSBuildThisFileDirectory)Game.h">
      <Filter>Game</Filter>
    </ClInclude>
    <ClInclude Include="$(MSBuildThisFileDirectory)GameClock.h">
      <Filter>Game</Filter>
    </ClInclude>
    <ClInclude Include="$(MSBuildThisFileDirectory)GameTime.h">
      <Filter>Game</Filter>
    </ClInclude>
    <ClInclude Include="$(MSBuildThisFileDirectory)RenderUtil.h">
      <Filter>Rendering</Filter>
    </ClInclude>
    <ClInclude Include="$(MSBuildThisFileDirectory)RTTI.h">
      <Filter>Other</Filter>
    </ClInclude>
    <ClInclude Include="$(MSBuildThisFileDirectory)Animation.h" />
    <ClInclude Include="$(MSBuildThisFileDirectory)Event.h" />
    <ClInclude Include="$(MSBuildThisFileDirectory)EventQueue.h" />
    <ClInclude Include="$(MSBuildThisFileDirectory)Input.h" />
    <ClInclude Include="$(MSBuildThisFileDirectory)WorldContactListener.h" />
    <ClInclude Include="$(MSBuildThisFileDirectory)ActionEvent.h" />
    <ClInclude Include="$(MSBuildThisFileDirectory)EventMessageAttributed.h" />
    <ClInclude Include="$(MSBuildThisFileDirectory)Reaction.h" />
    <ClInclude Include="$(MSBuildThisFileDirectory)ReactionAttributed.h" />
    <ClInclude Include="$(MSBuildThisFileDirectory)CollisionDefines.h" />
  </ItemGroup>
  <ItemGroup>
    <None Include="$(MSBuildThisFileDirectory)DefaultEquality.inl">
      <Filter>Misc</Filter>
    </None>
    <None Include="$(MSBuildThisFileDirectory)SList.inl">
      <Filter>Containers</Filter>
    </None>
    <None Include="$(MSBuildThisFileDirectory)Vector.inl">
      <Filter>Containers</Filter>
    </None>
    <None Include="$(MSBuildThisFileDirectory)HashMap.inl">
      <Filter>Containers</Filter>
    </None>
    <None Include="$(MSBuildThisFileDirectory)DefaultHash.inl">
      <Filter>Misc</Filter>
    </None>
    <None Include="$(MSBuildThisFileDirectory)Stack.inl">
      <Filter>Containers</Filter>
    </None>
    <None Include="$(MSBuildThisFileDirectory)Datum.inl">
      <Filter>Other</Filter>
    </None>
    <None Include="$(MSBuildThisFileDirectory)Factory.inl">
      <Filter>Other</Filter>
    </None>
  </ItemGroup>
  <ItemGroup>
    <Filter Include="Misc">
      <UniqueIdentifier>{c96abfef-83c5-461d-8b30-3398efdc2bf4}</UniqueIdentifier>
    </Filter>
    <Filter Include="Containers">
      <UniqueIdentifier>{8285b637-ed2e-4656-98f9-3c41d971a3a5}</UniqueIdentifier>
    </Filter>
    <Filter Include="Json">
      <UniqueIdentifier>{d7334911-02c1-4d0a-b5e2-58b69169d5b2}</UniqueIdentifier>
    </Filter>
    <Filter Include="Actions">
      <UniqueIdentifier>{45bc6ef1-5c63-4eee-9bc5-c3ecb5027474}</UniqueIdentifier>
    </Filter>
    <Filter Include="Rendering">
      <UniqueIdentifier>{2ab71214-0009-4d90-ae62-d07f32a3d6d7}</UniqueIdentifier>
    </Filter>
    <Filter Include="Rendering\Shader">
      <UniqueIdentifier>{6f453069-a9c2-48ad-8460-bc73da84cfc5}</UniqueIdentifier>
    </Filter>
    <Filter Include="Rendering\Camera">
      <UniqueIdentifier>{9850d9f5-f0d1-4d83-af24-fcb7b8e02a4e}</UniqueIdentifier>
    </Filter>
    <Filter Include="Math">
      <UniqueIdentifier>{22016415-e499-41db-bdfd-ddaef5acb2b1}</UniqueIdentifier>
    </Filter>
    <Filter Include="Game">
      <UniqueIdentifier>{6c50ad60-2892-437b-b466-bbe47c6193fa}</UniqueIdentifier>
    </Filter>
    <Filter Include="Other">
      <UniqueIdentifier>{bed7dacc-ef4a-4bca-9ac3-f4d4cb354644}</UniqueIdentifier>
    </Filter>
    <Filter Include="Reaction">
      <UniqueIdentifier>{1b6b53b5-c6a3-40ef-9737-c89ce1ae1ee8}</UniqueIdentifier>
    </Filter>
  </ItemGroup>
</Project>